
Microsoft Visual Studio Solution File, Format Version 12.00
# Visual Studio Version 17
VisualStudioVersion = 17.14.36705.20 d17.14
MinimumVisualStudioVersion = 10.0.40219.1
Project("{FAE04EC0-301F-11D3-BF4B-00C04F79EFBC}") = "ZS-Backend.API", "ZS-Backend.API\ZS-Backend.API.csproj", "{FED5A26E-2D52-41D3-A305-25988355AC8B}"
EndProject
Global
	GlobalSection(SolutionConfigurationPlatforms) = preSolution
		Debug|Any CPU = Debug|Any CPU
		Release|Any CPU = Release|Any CPU
	EndGlobalSection
	GlobalSection(ProjectConfigurationPlatforms) = postSolution
		{FED5A26E-2D52-41D3-A305-25988355AC8B}.Debug|Any CPU.ActiveCfg = Debug|Any CPU
		{FED5A26E-2D52-41D3-A305-25988355AC8B}.Debug|Any CPU.Build.0 = Debug|Any CPU
		{FED5A26E-2D52-41D3-A305-25988355AC8B}.Release|Any CPU.ActiveCfg = Release|Any CPU
		{FED5A26E-2D52-41D3-A305-25988355AC8B}.Release|Any CPU.Build.0 = Release|Any CPU
	EndGlobalSection
	GlobalSection(SolutionProperties) = preSolution
		HideSolutionNode = FALSE
	EndGlobalSection
	GlobalSection(ExtensibilityGlobals) = postSolution
		SolutionGuid = {503BCBF5-A32D-414D-B74C-74C42D2B6826}
	EndGlobalSection
EndGlobal
